{
    "_meta": {
        "hash": {
            "sha256": "b8a129f841598ed9b924ec93b9095717256b66fdb7d0f92ce7c82334265e5339"
        },
        "pipfile-spec": 6,
        "requires": {
            "python_full_version": "3.10.8",
            "python_version": "3.10"
        },
        "sources": [
            {
                "name": "pypi",
                "url": "https://pypi.org/simple",
                "verify_ssl": true
            }
        ]
    },
    "default": {
        "peewee": {
            "hashes": [
                "sha256:10769981198c7311f84a0ca8db892fa213303a8eb1305deb795a71e7bd606a91"
            ],
            "index": "pypi",
            "version": "==3.16.2"
        }
    },
    "develop": {}
}
